github.com/aymerick/raymond v2.0.2+incompatible h1:VEp3GpgdAnv9B2GFyTvqgcKvY+mfKMjPOA3SbKLtnU0=
github.com/aymerick/raymond v2.0.2+incompatible/go.mod h1:osfaiScAUVup+UC9Nfq76eWqDhXlp+4UYaA8uhTBO6g=
github.com/mattn/go-sqlite3 v1.14.11 h1:gt+cp9c0XGqe9S/wAHTL3n/7MqY+siPWgWJgqdsFrzQ=
github.com/mattn/go-sqlite3 v1.14.11/go.mod h1:NyWgC/yNuGj7Q9rpYnZvas74GogHl5/Z4A/KQRfk6bU=
